{
  "name": "쀼우",
  "lockfileVersion": 2,
  "requires": true,
  "packages": {
    "": {
      "dependencies": {
        "bootstrap": "file:next@popperjs/core"
      }
    },
    "next@popperjs/core": {},
    "node_modules/bootstrap": {
      "resolved": "next@popperjs/core",
      "link": true
    }
  },
  "dependencies": {
    "bootstrap": {
      "version": "file:next@popperjs/core"
    }
  }
}
